
Microsoft Visual Studio Solution File, Format Version 12.00
# Visual Studio Version 16
VisualStudioVersion = 16.0.31005.135
MinimumVisualStudioVersion = 10.0.40219.1
Project("{F184B08F-C81C-45F6-A57F-5ABD9991F28F}") = "PlotToData", "PlotToData\PlotToData.vbproj", "{171994E6-F631-4E8A-81A1-3089556496FC}"
EndProject
Global
	GlobalSection(SolutionConfigurationPlatforms) = preSolution
		Debug|Any CPU = Debug|Any CPU
		Release|Any CPU = Release|Any CPU
	EndGlobalSection
	GlobalSection(ProjectConfigurationPlatforms) = postSolution
		{171994E6-F631-4E8A-81A1-3089556496FC}.Debug|Any CPU.ActiveCfg = Debug|Any CPU
		{171994E6-F631-4E8A-81A1-3089556496FC}.Debug|Any CPU.Build.0 = Debug|Any CPU
		{171994E6-F631-4E8A-81A1-3089556496FC}.Release|Any CPU.ActiveCfg = Release|Any CPU
		{171994E6-F631-4E8A-81A1-3089556496FC}.Release|Any CPU.Build.0 = Release|Any CPU
	EndGlobalSection
	GlobalSection(SolutionProperties) = preSolution
		HideSolutionNode = FALSE
	EndGlobalSection
	GlobalSection(ExtensibilityGlobals) = postSolution
		SolutionGuid = {14971A3E-90E6-44AE-B38A-530B228BFC20}
	EndGlobalSection
EndGlobal
